// !$*UTF8*$!
{
	archiveVersion = 1;
	classes = {
	};
	objectVersion = 46;
	objects = {

/* Begin PBXBuildFile section */
		2F61C29F149D38FE00290CB2 /* UIKit.framework in Frameworks */ = {isa = PBXBuildFile; fileRef = 2F61C29E149D38FE00290CB2 /* UIKit.framework */; };
		2F61C2A1149D38FE00290CB2 /* Foundation.framework in Frameworks */ = {isa = PBXBuildFile; fileRef = 2F61C2A0149D38FE00290CB2 /* Foundation.framework */; };
		2F61C2A3149D38FE00290CB2 /* CoreGraphics.framework in Frameworks */ = {isa = PBXBuildFile; fileRef = 2F61C2A2149D38FE00290CB2 /* CoreGraphics.framework */; };
		2F61C2A5149D38FE00290CB2 /* CoreData.framework in Frameworks */ = {isa = PBXBuildFile; fileRef = 2F61C2A4149D38FE00290CB2 /* CoreData.framework */; };
		2F61C2AB149D38FE00290CB2 /* InfoPlist.strings in Resources */ = {isa = PBXBuildFile; fileRef = 2F61C2A9149D38FE00290CB2 /* InfoPlist.strings */; };
		2F61C2AD149D38FE00290CB2 /* main.m in Sources */ = {isa = PBXBuildFile; fileRef = 2F61C2AC149D38FE00290CB2 /* main.m */; };
		2F61C2B1149D38FE00290CB2 /* AppDelegate.m in Sources */ = {isa = PBXBuildFile; fileRef = 2F61C2B0149D38FE00290CB2 /* AppDelegate.m */; };
		2F61C2B4149D38FE00290CB2 /* Locations.xcdatamodeld in Sources */ = {isa = PBXBuildFile; fileRef = 2F61C2B2149D38FE00290CB2 /* Locations.xcdatamodeld */; };
		2F61C2BC149D3CB200290CB2 /* RootViewController.m in Sources */ = {isa = PBXBuildFile; fileRef = 2F61C2BB149D3CB200290CB2 /* RootViewController.m */; };
		2F61C2BE149D46AC00290CB2 /* CoreLocation.framework in Frameworks */ = {isa = PBXBuildFile; fileRef = 2F61C2BD149D46AC00290CB2 /* CoreLocation.framework */; };
		2F61C2C1149D4F4000290CB2 /* Event.m in Sources */ = {isa = PBXBuildFile; fileRef = 2F61C2C0149D4F4000290CB2 /* Event.m */; };
/* End PBXBuildFile section */

/* Begin PBXFileReference section */
		2F61C29A149D38FE00290CB2 /* Locations.app */ = {isa = PBXFileReference; explicitFileType = wrapper.application; includeInIndex = 0; path = Locations.app; sourceTree = BUILT_PRODUCTS_DIR; };
		2F61C29E149D38FE00290CB2 /* UIKit.framework */ = {isa = PBXFileReference; lastKnownFileType = wrapper.framework; name = UIKit.framework; path = System/Library/Frameworks/UIKit.framework; sourceTree = SDKROOT; };
		2F61C2A0149D38FE00290CB2 /* Foundation.framework */ = {isa = PBXFileReference; lastKnownFileType = wrapper.framework; name = Foundation.framework; path = System/Library/Frameworks/Foundation.framework; sourceTree = SDKROOT; };
		2F61C2A2149D38FE00290CB2 /* CoreGraphics.framework */ = {isa = PBXFileReference; lastKnownFileType = wrapper.framework; name = CoreGraphics.framework; path = System/Library/Frameworks/CoreGraphics.framework; sourceTree = SDKROOT; };
		2F61C2A4149D38FE00290CB2 /* CoreData.framework */ = {isa = PBXFileReference; lastKnownFileType = wrapper.framework; name = CoreData.framework; path = System/Library/Frameworks/CoreData.framework; sourceTree = SDKROOT; };
		2F61C2A8149D38FE00290CB2 /* Locations-Info.plist */ = {isa = PBXFileReference; lastKnownFileType = text.plist.xml; path = "Locations-Info.plist"; sourceTree = "<group>"; };
		2F61C2AA149D38FE00290CB2 /* en */ = {isa = PBXFileReference; lastKnownFileType = text.plist.strings; name = en; path = en.lproj/InfoPlist.strings; sourceTree = "<group>"; };
		2F61C2AC149D38FE00290CB2 /* main.m */ = {isa = PBXFileReference; lastKnownFileType = sourcecode.c.objc; path = main.m; sourceTree = "<group>"; };
		2F61C2AE149D38FE00290CB2 /* Locations-Prefix.pch */ = {isa = PBXFileReference; lastKnownFileType = sourcecode.c.h; path = "Locations-Prefix.pch"; sourceTree = "<group>"; };
		2F61C2AF149D38FE00290CB2 /* AppDelegate.h */ = {isa = PBXFileReference; lastKnownFileType = sourcecode.c.h; path = AppDelegate.h; sourceTree = "<group>"; };
		2F61C2B0149D38FE00290CB2 /* AppDelegate.m */ = {isa = PBXFileReference; lastKnownFileType = sourcecode.c.objc; path = AppDelegate.m; sourceTree = "<group>"; };
		2F61C2B3149D38FE00290CB2 /* Locations.xcdatamodel */ = {isa = PBXFileReference; lastKnownFileType = wrapper.xcdatamodel; path = Locations.xcdatamodel; sourceTree = "<group>"; };
		2F61C2BA149D3CB200290CB2 /* RootViewController.h */ = {isa = PBXFileReference; fileEncoding = 4; lastKnownFileType = sourcecode.c.h; path = RootViewController.h; sourceTree = "<group>"; };
		2F61C2BB149D3CB200290CB2 /* RootViewController.m */ = {isa = PBXFileReference; fileEncoding = 4; lastKnownFileType = sourcecode.c.objc; path = RootViewController.m; sourceTree = "<group>"; };
		2F61C2BD149D46AC00290CB2 /* CoreLocation.framework */ = {isa = PBXFileReference; lastKnownFileType = wrapper.framework; name = CoreLocation.framework; path = System/Library/Frameworks/CoreLocation.framework; sourceTree = SDKROOT; };
		2F61C2BF149D4F4000290CB2 /* Event.h */ = {isa = PBXFileReference; fileEncoding = 4; lastKnownFileType = sourcecode.c.h; path = Event.h; sourceTree = "<group>"; };
		2F61C2C0149D4F4000290CB2 /* Event.m */ = {isa = PBXFileReference; fileEncoding = 4; lastKnownFileType = sourcecode.c.objc; path = Event.m; sourceTree = "<group>"; };
/* End PBXFileReference section */

/* Begin PBXFrameworksBuildPhase section */
		2F61C297149D38FE00290CB2 /* Frameworks */ = {
			isa = PBXFrameworksBuildPhase;
			buildActionMask = 2147483647;
			files = (
				2F61C2BE149D46AC00290CB2 /* CoreLocation.framework in Frameworks */,
				2F61C29F149D38FE00290CB2 /* UIKit.framework in Frameworks */,
				2F61C2A1149D38FE00290CB2 /* Foundation.framework in Frameworks */,
				2F61C2A3149D38FE00290CB2 /* CoreGraphics.framework in Frameworks */,
				2F61C2A5149D38FE00290CB2 /* CoreData.framework in Frameworks */,
			);
			runOnlyForDeploymentPostprocessing = 0;
		};
/* End PBXFrameworksBuildPhase section */

/* Begin PBXGroup section */
		2F61C28F149D38FD00290CB2 = {
			isa = PBXGroup;
			children = (
				2F61C2A6149D38FE00290CB2 /* Locations */,
				2F61C29D149D38FE00290CB2 /* Frameworks */,
				2F61C29B149D38FE00290CB2 /* Products */,
			);
			sourceTree = "<group>";
		};
		2F61C29B149D38FE00290CB2 /* Products */ = {
			isa = PBXGroup;
			children = (
				2F61C29A149D38FE00290CB2 /* Locations.app */,
			);
			name = Products;
			sourceTree = "<group>";
		};
		2F61C29D149D38FE00290CB2 /* Frameworks */ = {
			isa = PBXGroup;
			children = (
				2F61C2BD149D46AC00290CB2 /* CoreLocation.framework */,
				2F61C29E149D38FE00290CB2 /* UIKit.framework */,
				2F61C2A0149D38FE00290CB2 /* Foundation.framework */,
				2F61C2A2149D38FE00290CB2 /* CoreGraphics.framework */,
				2F61C2A4149D38FE00290CB2 /* CoreData.framework */,
			);
			name = Frameworks;
			sourceTree = "<group>";
		};
		2F61C2A6149D38FE00290CB2 /* Locations */ = {
			isa = PBXGroup;
			children = (
				2F61C2AF149D38FE00290CB2 /* AppDelegate.h */,
				2F61C2B0149D38FE00290CB2 /* AppDelegate.m */,
				2F61C2B2149D38FE00290CB2 /* Locations.xcdatamodeld */,
				2F61C2BF149D4F4000290CB2 /* Event.h */,
				2F61C2C0149D4F4000290CB2 /* Event.m */,
				2F61C2BA149D3CB200290CB2 /* RootViewController.h */,
				2F61C2BB149D3CB200290CB2 /* RootViewController.m */,
				2F61C2A7149D38FE00290CB2 /* Supporting Files */,
			);
			path = Locations;
			sourceTree = "<group>";
		};
		2F61C2A7149D38FE00290CB2 /* Supporting Files */ = {
			isa = PBXGroup;
			children = (
				2F61C2A8149D38FE00290CB2 /* Locations-Info.plist */,
				2F61C2A9149D38FE00290CB2 /* InfoPlist.strings */,
				2F61C2AC149D38FE00290CB2 /* main.m */,
				2F61C2AE149D38FE00290CB2 /* Locations-Prefix.pch */,
			);
			name = "Supporting Files";
			sourceTree = "<group>";
		};
/* End PBXGroup section */

/* Begin PBXNativeTarget section */
		2F61C299149D38FE00290CB2 /* Locations */ = {
			isa = PBXNativeTarget;
			buildConfigurationList = 2F61C2B7149D38FE00290CB2 /* Build configuration list for PBXNativeTarget "Locations" */;
			buildPhases = (
				2F61C296149D38FE00290CB2 /* Sources */,
				2F61C297149D38FE00290CB2 /* Frameworks */,
				2F61C298149D38FE00290CB2 /* Resources */,
			);
			buildRules = (
			);
			dependencies = (
			);
			name = Locations;
			productName = Locations;
			productReference = 2F61C29A149D38FE00290CB2 /* Locations.app */;
			productType = "com.apple.product-type.application";
		};
/* End PBXNativeTarget section */

/* Begin PBXProject section */
		2F61C291149D38FD00290CB2 /* Project object */ = {
			isa = PBXProject;
			attributes = {
				LastUpgradeCheck = 0420;
			};
			buildConfigurationList = 2F61C294149D38FD00290CB2 /* Build configuration list for PBXProject "Locations" */;
			compatibilityVersion = "Xcode 3.2";
			developmentRegion = English;
			hasScannedForEncodings = 0;
			knownRegions = (
				en,
			);
			mainGroup = 2F61C28F149D38FD00290CB2;
			productRefGroup = 2F61C29B149D38FE00290CB2 /* Products */;
			projectDirPath = "";
			projectRoot = "";
			targets = (
				2F61C299149D38FE00290CB2 /* Locations */,
			);
		};
/* End PBXProject section */

/* Begin PBXResourcesBuildPhase section */
		2F61C298149D38FE00290CB2 /* Resources */ = {
			isa = PBXResourcesBuildPhase;
			buildActionMask = 2147483647;
			files = (
				2F61C2AB149D38FE00290CB2 /* InfoPlist.strings in Resources */,
			);
			runOnlyForDeploymentPostprocessing = 0;
		};
/* End PBXResourcesBuildPhase section */

/* Begin PBXSourcesBuildPhase section */
		2F61C296149D38FE00290CB2 /* Sources */ = {
			isa = PBXSourcesBuildPhase;
			buildActionMask = 2147483647;
			files = (
				2F61C2AD149D38FE00290CB2 /* main.m in Sources */,
				2F61C2B1149D38FE00290CB2 /* AppDelegate.m in Sources */,
				2F61C2B4149D38FE00290CB2 /* Locations.xcdatamodeld in Sources */,
				2F61C2BC149D3CB200290CB2 /* RootViewController.m in Sources */,
				2F61C2C1149D4F4000290CB2 /* Event.m in Sources */,
			);
			runOnlyForDeploymentPostprocessing = 0;
		};
/* End PBXSourcesBuildPhase section */

/* Begin PBXVariantGroup section */
		2F61C2A9149D38FE00290CB2 /* InfoPlist.strings */ = {
			isa = PBXVariantGroup;
			children = (
				2F61C2AA149D38FE00290CB2 /* en */,
			);
			name = InfoPlist.strings;
			sourceTree = "<group>";
		};
/* End PBXVariantGroup section */

/* Begin XCBuildConfiguration section */
		2F61C2B5149D38FE00290CB2 /* Debug */ = {
			isa = XCBuildConfiguration;
			buildSettings = {
				ALWAYS_SEARCH_USER_PATHS = NO;
				ARCHS = "$(ARCHS_STANDARD_32_BIT)";
				CLANG_ENABLE_OBJC_ARC = YES;
				CODE_SIGN_IDENTITY = "iPhone Developer";
				"CODE_SIGN_IDENTITY[sdk=iphoneos*]" = "iPhone Developer";
				COPY_PHASE_STRIP = NO;
				GCC_C_LANGUAGE_STANDARD = gnu99;
				GCC_DYNAMIC_NO_PIC = NO;
				GCC_OPTIMIZATION_LEVEL = 0;
				GCC_PREPROCESSOR_DEFINITIONS = (
					"DEBUG=1",
					"$(inherited)",
				);
				GCC_SYMBOLS_PRIVATE_EXTERN = NO;
				GCC_VERSION = com.apple.compilers.llvm.clang.1_0;
				GCC_WARN_ABOUT_MISSING_PROTOTYPES = YES;
				GCC_WARN_ABOUT_RETURN_TYPE = YES;
				GCC_WARN_UNUSED_VARIABLE = YES;
				IPHONEOS_DEPLOYMENT_TARGET = 5.0;
				PROVISIONING_PROFILE = "";
				SDKROOT = iphoneos;
			};
			name = Debug;
		};
		2F61C2B6149D38FE00290CB2 /* Release */ = {
			isa = XCBuildConfiguration;
			buildSettings = {
				ALWAYS_SEARCH_USER_PATHS = NO;
				ARCHS = "$(ARCHS_STANDARD_32_BIT)";
				CLANG_ENABLE_OBJC_ARC = YES;
				CODE_SIGN_IDENTITY = "iPhone Developer";
				"CODE_SIGN_IDENTITY[sdk=iphoneos*]" = "iPhone Developer";
				COPY_PHASE_STRIP = YES;
				GCC_C_LANGUAGE_STANDARD = gnu99;
				GCC_VERSION = com.apple.compilers.llvm.clang.1_0;
				GCC_WARN_ABOUT_MISSING_PROTOTYPES = YES;
				GCC_WARN_ABOUT_RETURN_TYPE = YES;
				GCC_WARN_UNUSED_VARIABLE = YES;
				IPHONEOS_DEPLOYMENT_TARGET = 5.0;
				OTHER_CFLAGS = "-DNS_BLOCK_ASSERTIONS=1";
				PROVISIONING_PROFILE = "";
				SDKROOT = iphoneos;
				VALIDATE_PRODUCT = YES;
			};
			name = Release;
		};
		2F61C2B8149D38FE00290CB2 /* Debug */ = {
			isa = XCBuildConfiguration;
			buildSettings = {
				GCC_PRECOMPILE_PREFIX_HEADER = YES;
				GCC_PREFIX_HEADER = "Locations/Locations-Prefix.pch";
				INFOPLIST_FILE = "Locations/Locations-Info.plist";
				IPHONEOS_DEPLOYMENT_TARGET = 4.0;
				PRODUCT_NAME = "$(TARGET_NAME)";
				WRAPPER_EXTENSION = app;
			};
			name = Debug;
		};
		2F61C2B9149D38FE00290CB2 /* Release */ = {
			isa = XCBuildConfiguration;
			buildSettings = {
				GCC_PRECOMPILE_PREFIX_HEADER = YES;
				GCC_PREFIX_HEADER = "Locations/Locations-Prefix.pch";
				INFOPLIST_FILE = "Locations/Locations-Info.plist";
				IPHONEOS_DEPLOYMENT_TARGET = 4.0;
				PRODUCT_NAME = "$(TARGET_NAME)";
				WRAPPER_EXTENSION = app;
			};
			name = Release;
		};
/* End XCBuildConfiguration section */

/* Begin XCConfigurationList section */
		2F61C294149D38FD00290CB2 /* Build configuration list for PBXProject "Locations" */ = {
			isa = XCConfigurationList;
			buildConfigurations = (
				2F61C2B5149D38FE00290CB2 /* Debug */,
				2F61C2B6149D38FE00290CB2 /* Release */,
			);
			defaultConfigurationIsVisible = 0;
			defaultConfigurationName = Release;
		};
		2F61C2B7149D38FE00290CB2 /* Build configuration list for PBXNativeTarget "Locations" */ = {
			isa = XCConfigurationList;
			buildConfigurations = (
				2F61C2B8149D38FE00290CB2 /* Debug */,
				2F61C2B9149D38FE00290CB2 /* Release */,
			);
			defaultConfigurationIsVisible = 0;
		};
/* End XCConfigurationList section */

/* Begin XCVersionGroup section */
		2F61C2B2149D38FE00290CB2 /* Locations.xcdatamodeld */ = {
			isa = XCVersionGroup;
			children = (
				2F61C2B3149D38FE00290CB2 /* Locations.xcdatamodel */,
			);
			currentVersion = 2F61C2B3149D38FE00290CB2 /* Locations.xcdatamodel */;
			path = Locations.xcdatamodeld;
			sourceTree = "<group>";
			versionGroupType = wrapper.xcdatamodel;
		};
/* End XCVersionGroup section */
	};
	rootObject = 2F61C291149D38FD00290CB2 /* Project object */;
}
